
Microsoft Visual Studio Solution File, Format Version 12.00
# Visual Studio Version 16
VisualStudioVersion = 16.0.31129.286
MinimumVisualStudioVersion = 10.0.40219.1
Project("{9A19103F-16F7-4668-BE54-9A1E7A4F7556}") = "WebCityApplication", "WebCityApplication\WebCityApplication.csproj", "{07630AB4-8EC0-4356-BBF3-B4575CC6B8FF}"
EndProject
Project("{FAE04EC0-301F-11D3-BF4B-00C04F79EFBC}") = "Server.City.Business", "Server.City.Business\Server.City.Business.csproj", "{3DD97326-4E9F-4F10-8DDF-E0017855EE42}"
EndProject
Project("{FAE04EC0-301F-11D3-BF4B-00C04F79EFBC}") = "City.Common", "City.Common\City.Common.csproj", "{CA5F6332-3DDD-4174-ADC4-5C78CB172F36}"
EndProject
Project("{FAE04EC0-301F-11D3-BF4B-00C04F79EFBC}") = "CityApplicationUnitTes", "CityApplicationUnitTes\CityApplicationUnitTes.csproj", "{6D2236BE-AABD-4711-9E33-287A5E27D5B1}"
EndProject
Global
	GlobalSection(SolutionConfigurationPlatforms) = preSolution
		Debug|Any CPU = Debug|Any CPU
		Release|Any CPU = Release|Any CPU
	EndGlobalSection
	GlobalSection(ProjectConfigurationPlatforms) = postSolution
		{07630AB4-8EC0-4356-BBF3-B4575CC6B8FF}.Debug|Any CPU.ActiveCfg = Debug|Any CPU
		{07630AB4-8EC0-4356-BBF3-B4575CC6B8FF}.Debug|Any CPU.Build.0 = Debug|Any CPU
		{07630AB4-8EC0-4356-BBF3-B4575CC6B8FF}.Release|Any CPU.ActiveCfg = Release|Any CPU
		{07630AB4-8EC0-4356-BBF3-B4575CC6B8FF}.Release|Any CPU.Build.0 = Release|Any CPU
		{3DD97326-4E9F-4F10-8DDF-E0017855EE42}.Debug|Any CPU.ActiveCfg = Debug|Any CPU
		{3DD97326-4E9F-4F10-8DDF-E0017855EE42}.Debug|Any CPU.Build.0 = Debug|Any CPU
		{3DD97326-4E9F-4F10-8DDF-E0017855EE42}.Release|Any CPU.ActiveCfg = Release|Any CPU
		{3DD97326-4E9F-4F10-8DDF-E0017855EE42}.Release|Any CPU.Build.0 = Release|Any CPU
		{CA5F6332-3DDD-4174-ADC4-5C78CB172F36}.Debug|Any CPU.ActiveCfg = Debug|Any CPU
		{CA5F6332-3DDD-4174-ADC4-5C78CB172F36}.Debug|Any CPU.Build.0 = Debug|Any CPU
		{CA5F6332-3DDD-4174-ADC4-5C78CB172F36}.Release|Any CPU.ActiveCfg = Release|Any CPU
		{CA5F6332-3DDD-4174-ADC4-5C78CB172F36}.Release|Any CPU.Build.0 = Release|Any CPU
		{6D2236BE-AABD-4711-9E33-287A5E27D5B1}.Debug|Any CPU.ActiveCfg = Debug|Any CPU
		{6D2236BE-AABD-4711-9E33-287A5E27D5B1}.Debug|Any CPU.Build.0 = Debug|Any CPU
		{6D2236BE-AABD-4711-9E33-287A5E27D5B1}.Release|Any CPU.ActiveCfg = Release|Any CPU
		{6D2236BE-AABD-4711-9E33-287A5E27D5B1}.Release|Any CPU.Build.0 = Release|Any CPU
	EndGlobalSection
	GlobalSection(SolutionProperties) = preSolution
		HideSolutionNode = FALSE
	EndGlobalSection
	GlobalSection(ExtensibilityGlobals) = postSolution
		SolutionGuid = {9E5BAEC0-88A1-4DA2-AC28-D4D49C5487C9}
	EndGlobalSection
EndGlobal
